
Microsoft Visual Studio Solution File, Format Version 12.00
# Visual Studio Version 17
VisualStudioVersion = 17.4.33403.182
MinimumVisualStudioVersion = 10.0.40219.1
Project("{9A19103F-16F7-4668-BE54-9A1E7A4F7556}") = "SocialNetwork", "SocialNetwork\SocialNetwork.csproj", "{1DB54407-09F2-4CA0-BA24-B4893E9CCA45}"
EndProject
Project("{FAE04EC0-301F-11D3-BF4B-00C04F79EFBC}") = "SocialNetWork.Tests", "SocialNetWork.Tests\SocialNetWork.Tests.csproj", "{D987DE70-0FF9-49BD-8F5F-ABFA7AB1CD2B}"
EndProject
Global
	GlobalSection(SolutionConfigurationPlatforms) = preSolution
		Debug|Any CPU = Debug|Any CPU
		Release|Any CPU = Release|Any CPU
	EndGlobalSection
	GlobalSection(ProjectConfigurationPlatforms) = postSolution
		{1DB54407-09F2-4CA0-BA24-B4893E9CCA45}.Debug|Any CPU.ActiveCfg = Debug|Any CPU
		{1DB54407-09F2-4CA0-BA24-B4893E9CCA45}.Debug|Any CPU.Build.0 = Debug|Any CPU
		{1DB54407-09F2-4CA0-BA24-B4893E9CCA45}.Release|Any CPU.ActiveCfg = Release|Any CPU
		{1DB54407-09F2-4CA0-BA24-B4893E9CCA45}.Release|Any CPU.Build.0 = Release|Any CPU
		{D987DE70-0FF9-49BD-8F5F-ABFA7AB1CD2B}.Debug|Any CPU.ActiveCfg = Debug|Any CPU
		{D987DE70-0FF9-49BD-8F5F-ABFA7AB1CD2B}.Debug|Any CPU.Build.0 = Debug|Any CPU
		{D987DE70-0FF9-49BD-8F5F-ABFA7AB1CD2B}.Release|Any CPU.ActiveCfg = Release|Any CPU
		{D987DE70-0FF9-49BD-8F5F-ABFA7AB1CD2B}.Release|Any CPU.Build.0 = Release|Any CPU
	EndGlobalSection
	GlobalSection(SolutionProperties) = preSolution
		HideSolutionNode = FALSE
	EndGlobalSection
	GlobalSection(ExtensibilityGlobals) = postSolution
		SolutionGuid = {2E910966-A69B-4861-911A-A822B90B18C7}
	EndGlobalSection
EndGlobal
